
Microsoft Visual Studio Solution File, Format Version 12.00
# Visual Studio 15
VisualStudioVersion = 15.0.27703.2026
MinimumVisualStudioVersion = 10.0.40219.1
Project("{9A19103F-16F7-4668-BE54-9A1E7A4F7556}") = "Archmage", "Archmage\Archmage.csproj", "{EE959E5C-88FB-43D7-B8E0-8DD46AC512E1}"
EndProject
Project("{E53339B2-1760-4266-BCC7-CA923CBCF16C}") = "docker-compose", "docker-compose.dcproj", "{D74CCD8B-BA4D-4169-AD63-E7F73194C981}"
EndProject
Global
	GlobalSection(SolutionConfigurationPlatforms) = preSolution
		Debug|Any CPU = Debug|Any CPU
		Release|Any CPU = Release|Any CPU
	EndGlobalSection
	GlobalSection(ProjectConfigurationPlatforms) = postSolution
		{EE959E5C-88FB-43D7-B8E0-8DD46AC512E1}.Debug|Any CPU.ActiveCfg = Debug|Any CPU
		{EE959E5C-88FB-43D7-B8E0-8DD46AC512E1}.Debug|Any CPU.Build.0 = Debug|Any CPU
		{EE959E5C-88FB-43D7-B8E0-8DD46AC512E1}.Release|Any CPU.ActiveCfg = Release|Any CPU
		{EE959E5C-88FB-43D7-B8E0-8DD46AC512E1}.Release|Any CPU.Build.0 = Release|Any CPU
		{D74CCD8B-BA4D-4169-AD63-E7F73194C981}.Debug|Any CPU.ActiveCfg = Debug|Any CPU
		{D74CCD8B-BA4D-4169-AD63-E7F73194C981}.Debug|Any CPU.Build.0 = Debug|Any CPU
		{D74CCD8B-BA4D-4169-AD63-E7F73194C981}.Release|Any CPU.ActiveCfg = Release|Any CPU
		{D74CCD8B-BA4D-4169-AD63-E7F73194C981}.Release|Any CPU.Build.0 = Release|Any CPU
	EndGlobalSection
	GlobalSection(SolutionProperties) = preSolution
		HideSolutionNode = FALSE
	EndGlobalSection
	GlobalSection(ExtensibilityGlobals) = postSolution
		SolutionGuid = {A5AEACAC-2022-4096-A6CB-3B4FA33AC010}
	EndGlobalSection
EndGlobal
